
Microsoft Visual Studio Solution File, Format Version 12.00
# Visual Studio Version 17
VisualStudioVersion = 17.3.32929.385
MinimumVisualStudioVersion = 10.0.40219.1
Project("{9A19103F-16F7-4668-BE54-9A1E7A4F7556}") = "WebClient", "WebWasmClient\WebClient.csproj", "{6051CA68-0CC7-42AD-A214-EE701B67C107}"
EndProject
Project("{9A19103F-16F7-4668-BE54-9A1E7A4F7556}") = "WebAPI", "WebAPI\WebAPI.csproj", "{C5BA0432-0D27-4258-8F43-B165D18ABD74}"
EndProject
Project("{9A19103F-16F7-4668-BE54-9A1E7A4F7556}") = "DTOs", "DTOs\DTOs.csproj", "{DFB35F89-C891-425B-BB24-D5F4DD7BD2A1}"
EndProject
Global
	GlobalSection(SolutionConfigurationPlatforms) = preSolution
		Debug|Any CPU = Debug|Any CPU
		Release|Any CPU = Release|Any CPU
	EndGlobalSection
	GlobalSection(ProjectConfigurationPlatforms) = postSolution
		{6051CA68-0CC7-42AD-A214-EE701B67C107}.Debug|Any CPU.ActiveCfg = Debug|Any CPU
		{6051CA68-0CC7-42AD-A214-EE701B67C107}.Debug|Any CPU.Build.0 = Debug|Any CPU
		{6051CA68-0CC7-42AD-A214-EE701B67C107}.Release|Any CPU.ActiveCfg = Release|Any CPU
		{6051CA68-0CC7-42AD-A214-EE701B67C107}.Release|Any CPU.Build.0 = Release|Any CPU
		{C5BA0432-0D27-4258-8F43-B165D18ABD74}.Debug|Any CPU.ActiveCfg = Debug|Any CPU
		{C5BA0432-0D27-4258-8F43-B165D18ABD74}.Debug|Any CPU.Build.0 = Debug|Any CPU
		{C5BA0432-0D27-4258-8F43-B165D18ABD74}.Release|Any CPU.ActiveCfg = Release|Any CPU
		{C5BA0432-0D27-4258-8F43-B165D18ABD74}.Release|Any CPU.Build.0 = Release|Any CPU
		{DFB35F89-C891-425B-BB24-D5F4DD7BD2A1}.Debug|Any CPU.ActiveCfg = Debug|Any CPU
		{DFB35F89-C891-425B-BB24-D5F4DD7BD2A1}.Debug|Any CPU.Build.0 = Debug|Any CPU
		{DFB35F89-C891-425B-BB24-D5F4DD7BD2A1}.Release|Any CPU.ActiveCfg = Release|Any CPU
		{DFB35F89-C891-425B-BB24-D5F4DD7BD2A1}.Release|Any CPU.Build.0 = Release|Any CPU
	EndGlobalSection
	GlobalSection(SolutionProperties) = preSolution
		HideSolutionNode = FALSE
	EndGlobalSection
	GlobalSection(ExtensibilityGlobals) = postSolution
		SolutionGuid = {570030C9-CE31-400A-B421-8885FD4B8932}
	EndGlobalSection
EndGlobal
